Microsoft Visual Studio Solution File, Format Version 12.00
# Visual Studio Version 17
VisualStudioVersion = 17.5.2.0
MinimumVisualStudioVersion = 10.0.40219.1
Project("{FAE04EC0-301F-11D3-BF4B-00C04F79EFBC}") = "AdhiSreeTransportService", "AdhiSreeTransportService.csproj", "{F4DA7C20-3BB3-24B3-E2CB-656833D16741}"
EndProject
Global
	GlobalSection(SolutionConfigurationPlatforms) = preSolution
		Debug|Any CPU = Debug|Any CPU
		Release|Any CPU = Release|Any CPU
	EndGlobalSection
	GlobalSection(ProjectConfigurationPlatforms) = postSolution
		{F4DA7C20-3BB3-24B3-E2CB-656833D16741}.Debug|Any CPU.ActiveCfg = Debug|Any CPU
		{F4DA7C20-3BB3-24B3-E2CB-656833D16741}.Debug|Any CPU.Build.0 = Debug|Any CPU
		{F4DA7C20-3BB3-24B3-E2CB-656833D16741}.Release|Any CPU.ActiveCfg = Release|Any CPU
		{F4DA7C20-3BB3-24B3-E2CB-656833D16741}.Release|Any CPU.Build.0 = Release|Any CPU
	EndGlobalSection
	GlobalSection(SolutionProperties) = preSolution
		HideSolutionNode = FALSE
	EndGlobalSection
	GlobalSection(ExtensibilityGlobals) = postSolution
		SolutionGuid = {B90C3888-F469-4907-9EB8-AB13C620EC06}
	EndGlobalSection
EndGlobal
